
Microsoft Visual Studio Solution File, Format Version 12.00
Project("{FAE04EC0-301F-11D3-BF4B-00C04F79EFBC}") = "MusicStore", "MusicStore.csproj", "{5C373AC6-1674-432F-97D2-8B5627D85E21}"
EndProject
Project("{FAE04EC0-301F-11D3-BF4B-00C04F79EFBC}") = "Drum", "..\Drum\Drum.csproj", "{040614BE-1D05-4130-BAC6-F1CA34946272}"
EndProject
Project("{FAE04EC0-301F-11D3-BF4B-00C04F79EFBC}") = "Encryption", "..\Encryption\Encryption.csproj", "{2F5BBB1B-1140-456F-88F7-EB3FC3AE4129}"
EndProject
Global
	GlobalSection(SolutionConfigurationPlatforms) = preSolution
		Debug|Any CPU = Debug|Any CPU
		Release|Any CPU = Release|Any CPU
	EndGlobalSection
	GlobalSection(ProjectConfigurationPlatforms) = postSolution
		{5C373AC6-1674-432F-97D2-8B5627D85E21}.Debug|Any CPU.ActiveCfg = Debug|Any CPU
		{5C373AC6-1674-432F-97D2-8B5627D85E21}.Debug|Any CPU.Build.0 = Debug|Any CPU
		{5C373AC6-1674-432F-97D2-8B5627D85E21}.Release|Any CPU.ActiveCfg = Release|Any CPU
		{5C373AC6-1674-432F-97D2-8B5627D85E21}.Release|Any CPU.Build.0 = Release|Any CPU
		{040614BE-1D05-4130-BAC6-F1CA34946272}.Debug|Any CPU.ActiveCfg = Debug|Any CPU
		{040614BE-1D05-4130-BAC6-F1CA34946272}.Debug|Any CPU.Build.0 = Debug|Any CPU
		{040614BE-1D05-4130-BAC6-F1CA34946272}.Release|Any CPU.ActiveCfg = Release|Any CPU
		{040614BE-1D05-4130-BAC6-F1CA34946272}.Release|Any CPU.Build.0 = Release|Any CPU
		{2F5BBB1B-1140-456F-88F7-EB3FC3AE4129}.Debug|Any CPU.ActiveCfg = Debug|Any CPU
		{2F5BBB1B-1140-456F-88F7-EB3FC3AE4129}.Debug|Any CPU.Build.0 = Debug|Any CPU
		{2F5BBB1B-1140-456F-88F7-EB3FC3AE4129}.Release|Any CPU.ActiveCfg = Release|Any CPU
		{2F5BBB1B-1140-456F-88F7-EB3FC3AE4129}.Release|Any CPU.Build.0 = Release|Any CPU
	EndGlobalSection
EndGlobal
